version: 6
environments:
  default:
    channels:
    - url: https://conda.anaconda.org/conda-forge/
    options:
      pypi-prerelease-mode: if-necessary-or-explicit
    packages:
      linux-64:
      - conda: https://conda.anaconda.org/conda-forge/linux-64/_libgcc_mutex-0.1-conda_forge.tar.bz2
      - conda: https://conda.anaconda.org/conda-forge/linux-64/_openmp_mutex-4.5-2_gnu.tar.bz2
      - conda: https://conda.anaconda.org/conda-forge/linux-64/ca-certificates-2025.1.31-hbcca054_0.conda
      - conda: https://conda.anaconda.org/conda-forge/linux-64/libgcc-14.2.0-h767d61c_2.conda
      - conda: https://conda.anaconda.org/conda-forge/linux-64/libgomp-14.2.0-h767d61c_2.conda
      - conda: https://conda.anaconda.org/conda-forge/linux-64/libstdcxx-14.2.0-h8f9b012_2.conda
      - conda: https://conda.anaconda.org/conda-forge/linux-64/libzlib-1.3.2-h25fd6f3_2.conda
      - conda: https://conda.anaconda.org/conda-forge/linux-64/nushell-0.112.2-h25c72ac_0.conda
      - conda: https://conda.anaconda.org/conda-forge/linux-64/openssl-3.6.2-h35e630c_0.conda
      - conda: https://conda.anaconda.org/conda-forge/linux-64/typos-1.30.0-h8fae777_0.conda
      - conda: https://conda.anaconda.org/conda-forge/linux-64/typst-0.14.2-h4c46f8d_0.conda
      - conda: https://conda.anaconda.org/conda-forge/linux-64/tytanic-0.3.3-he64ecbb_0.conda
      osx-arm64:
      - conda: https://conda.anaconda.org/conda-forge/osx-arm64/bzip2-1.0.8-hd037594_9.conda
      - conda: https://conda.anaconda.org/conda-forge/osx-arm64/ca-certificates-2025.1.31-hf0a4a13_0.conda
      - conda: https://conda.anaconda.org/conda-forge/osx-arm64/libcxx-19.1.7-ha82da77_0.conda
      - conda: https://conda.anaconda.org/conda-forge/osx-arm64/libgit2-1.9.2-had2deda_0.conda
      - conda: https://conda.anaconda.org/conda-forge/osx-arm64/libiconv-1.18-h23cfdf5_2.conda
      - conda: https://conda.anaconda.org/conda-forge/osx-arm64/libssh2-1.11.1-h1590b86_0.conda
      - conda: https://conda.anaconda.org/conda-forge/osx-arm64/libzlib-1.3.2-h8088a28_2.conda
      - conda: https://conda.anaconda.org/conda-forge/osx-arm64/nushell-0.112.2-h4226ba7_0.conda
      - conda: https://conda.anaconda.org/conda-forge/osx-arm64/openssl-3.6.2-hd24854e_0.conda
      - conda: https://conda.anaconda.org/conda-forge/osx-arm64/pcre2-10.47-h30297fc_0.conda
      - conda: https://conda.anaconda.org/conda-forge/osx-arm64/typos-1.30.0-h0716509_0.conda
      - conda: https://conda.anaconda.org/conda-forge/osx-arm64/typst-0.14.2-hd1458d2_0.conda
      - conda: https://conda.anaconda.org/conda-forge/osx-arm64/tytanic-0.3.3-h6fdd925_0.conda
  site:
    channels:
    - url: https://conda.anaconda.org/conda-forge/
    options:
      pypi-prerelease-mode: if-necessary-or-explicit
    packages:
      linux-64:
      - conda: https://conda.anaconda.org/conda-forge/linux-64/_go_select-2.3.0-cgo.tar.bz2
      - conda: https://conda.anaconda.org/conda-forge/linux-64/_openmp_mutex-4.5-20_gnu.conda
      - conda: https://conda.anaconda.org/conda-forge/noarch/ca-certificates-2026.4.22-hbd8a1cb_0.conda
      - conda: https://conda.anaconda.org/conda-forge/linux-64/go-1.26.2-h282a287_0.conda
      - conda: https://conda.anaconda.org/conda-forge/linux-64/hugo-0.161.1-hecca717_0.conda
      - conda: https://conda.anaconda.org/conda-forge/linux-64/libgcc-15.2.0-he0feb66_18.conda
      - conda: https://conda.anaconda.org/conda-forge/linux-64/libgfortran-15.2.0-h69a702a_18.conda
      - conda: https://conda.anaconda.org/conda-forge/linux-64/libgfortran5-15.2.0-h68bc16d_18.conda
      - conda: https://conda.anaconda.org/conda-forge/linux-64/libgomp-15.2.0-he0feb66_18.conda
      - conda: https://conda.anaconda.org/conda-forge/linux-64/libstdcxx-15.2.0-h934c35e_18.conda
      - conda: https://conda.anaconda.org/conda-forge/linux-64/libzlib-1.3.2-h25fd6f3_2.conda
      - conda: https://conda.anaconda.org/conda-forge/linux-64/nushell-0.112.2-h25c72ac_0.conda
      - conda: https://conda.anaconda.org/conda-forge/linux-64/openssl-3.6.2-h35e630c_0.conda
      - conda: https://conda.anaconda.org/conda-forge/linux-64/typos-1.46.0-hb17b654_0.conda
      osx-arm64:
      - conda: https://conda.anaconda.org/conda-forge/osx-arm64/_go_select-2.3.0-cgo.tar.bz2
      - conda: https://conda.anaconda.org/conda-forge/osx-arm64/_openmp_mutex-4.5-7_kmp_llvm.conda
      - conda: https://conda.anaconda.org/conda-forge/osx-arm64/bzip2-1.0.8-hd037594_9.conda
      - conda: https://conda.anaconda.org/conda-forge/noarch/ca-certificates-2026.4.22-hbd8a1cb_0.conda
      - conda: https://conda.anaconda.org/conda-forge/osx-arm64/go-1.26.2-h94dcc77_0.conda
      - conda: https://conda.anaconda.org/conda-forge/osx-arm64/hugo-0.161.1-ha4d9615_0.conda
      - conda: https://conda.anaconda.org/conda-forge/osx-arm64/libcxx-22.1.4-h55c6f16_0.conda
      - conda: https://conda.anaconda.org/conda-forge/osx-arm64/libgcc-15.2.0-hcbb3090_18.conda
      - conda: https://conda.anaconda.org/conda-forge/osx-arm64/libgfortran-15.2.0-h07b0088_18.conda
      - conda: https://conda.anaconda.org/conda-forge/osx-arm64/libgfortran5-15.2.0-hdae7583_18.conda
      - conda: https://conda.anaconda.org/conda-forge/osx-arm64/libgit2-1.9.2-had2deda_0.conda
      - conda: https://conda.anaconda.org/conda-forge/osx-arm64/libiconv-1.18-h23cfdf5_2.conda
      - conda: https://conda.anaconda.org/conda-forge/osx-arm64/libssh2-1.11.1-h1590b86_0.conda
      - conda: https://conda.anaconda.org/conda-forge/osx-arm64/libzlib-1.3.2-h8088a28_2.conda
      - conda: https://conda.anaconda.org/conda-forge/osx-arm64/llvm-openmp-22.1.4-hc7d1edf_0.conda
      - conda: https://conda.anaconda.org/conda-forge/osx-arm64/nushell-0.112.2-h4226ba7_0.conda
      - conda: https://conda.anaconda.org/conda-forge/osx-arm64/openssl-3.6.2-hd24854e_0.conda
      - conda: https://conda.anaconda.org/conda-forge/osx-arm64/pcre2-10.47-h30297fc_0.conda
      - conda: https://conda.anaconda.org/conda-forge/osx-arm64/typos-1.46.0-h6fdd925_0.conda
packages:
- conda: https://conda.anaconda.org/conda-forge/linux-64/_go_select-2.3.0-cgo.tar.bz2
  sha256: d86836d4f3094b4ac149dcdc55f1f12be6e84ed1206a4234404a024e49769832
  md5: 76f94c0e00d08432e003a7b54a1adf53
  license: BSD-3-Clause
  license_family: BSD
  size: 4875
  timestamp: 1586504607438
- conda: https://conda.anaconda.org/conda-forge/osx-arm64/_go_select-2.3.0-cgo.tar.bz2
  sha256: 5cd5dd9817d0d671ad3e2f85c967b4dcd1a297a686b7d5820e625e2f4f962558
  md5: 79a39651abfce773c2948175d9b62986
  license: BSD-3-Clause
  license_family: BSD
  size: 5074
  timestamp: 1627073534014
- conda: https://conda.anaconda.org/conda-forge/linux-64/_libgcc_mutex-0.1-conda_forge.tar.bz2
  sha256: fe51de6107f9edc7aa4f786a70f4a883943bc9d39b3bb7307c04c41410990726
  md5: d7c89558ba9fa0495403155b64376d81
  license: None
  size: 2562
  timestamp: 1578324546067
- conda: https://conda.anaconda.org/conda-forge/linux-64/_openmp_mutex-4.5-20_gnu.conda
  build_number: 20
  sha256: 1dd3fffd892081df9726d7eb7e0dea6198962ba775bd88842135a4ddb4deb3c9
  md5: a9f577daf3de00bca7c3c76c0ecbd1de
  depends:
  - __glibc >=2.17,<3.0.a0
  - libgomp >=7.5.0
  constrains:
  - openmp_impl <0.0a0
  license: BSD-3-Clause
  license_family: BSD
  size: 28948
  timestamp: 1770939786096
- conda: https://conda.anaconda.org/conda-forge/linux-64/_openmp_mutex-4.5-2_gnu.tar.bz2
  build_number: 16
  sha256: fbe2c5e56a653bebb982eda4876a9178aedfc2b545f25d0ce9c4c0b508253d22
  md5: 73aaf86a425cc6e73fcf236a5a46396d
  depends:
  - _libgcc_mutex 0.1 conda_forge
  - libgomp >=7.5.0
  constrains:
  - openmp_impl 9999
  license: BSD-3-Clause
  license_family: BSD
  size: 23621
  timestamp: 1650670423406
- conda: https://conda.anaconda.org/conda-forge/osx-arm64/_openmp_mutex-4.5-7_kmp_llvm.conda
  build_number: 7
  sha256: 7acaa2e0782cad032bdaf756b536874346ac1375745fb250e9bdd6a48a7ab3cd
  md5: a44032f282e7d2acdeb1c240308052dd
  depends:
  - llvm-openmp >=9.0.1
  license: BSD-3-Clause
  license_family: BSD
  size: 8325
  timestamp: 1764092507920
- conda: https://conda.anaconda.org/conda-forge/osx-arm64/bzip2-1.0.8-hd037594_9.conda
  sha256: 540fe54be35fac0c17feefbdc3e29725cce05d7367ffedfaaa1bdda234b019df
  md5: 620b85a3f45526a8bc4d23fd78fc22f0
  depends:
  - __osx >=11.0
  license: bzip2-1.0.6
  license_family: BSD
  size: 124834
  timestamp: 1771350416561
- conda: https://conda.anaconda.org/conda-forge/linux-64/ca-certificates-2025.1.31-hbcca054_0.conda
  sha256: bf832198976d559ab44d6cdb315642655547e26d826e34da67cbee6624cda189
  md5: 19f3a56f68d2fd06c516076bff482c52
  license: ISC
  size: 158144
  timestamp: 1738298224464
- conda: https://conda.anaconda.org/conda-forge/noarch/ca-certificates-2026.4.22-hbd8a1cb_0.conda
  sha256: c9dbcc8039a52023660d6d1bbf87594a93dd69c6ac5a2a44323af2c92976728d
  md5: e18ad67cf881dcadee8b8d9e2f8e5f73
  depends:
  - __unix
  license: ISC
  size: 131039
  timestamp: 1776865545798
- conda: https://conda.anaconda.org/conda-forge/osx-arm64/ca-certificates-2025.1.31-hf0a4a13_0.conda
  sha256: 7e12816618173fe70f5c638b72adf4bfd4ddabf27794369bb17871c5bb75b9f9
  md5: 3569d6a9141adc64d2fe4797f3289e06
  license: ISC
  size: 158425
  timestamp: 1738298167688
- conda: https://conda.anaconda.org/conda-forge/linux-64/go-1.26.2-h282a287_0.conda
  sha256: b4f42ff68a6afbcef34a0c79a03d68668f110322602b318155b869eafb89a245
  md5: ec2364aaad474dbd312209786669b512
  depends:
  - __glibc >=2.17,<3.0.a0
  - _go_select 2.3.0 cgo
  - libgcc >=14
  - libgfortran
  - libgfortran5 >=14.3.0
  - libstdcxx >=14
  constrains:
  - gcc_linux-64 14.*
  - gxx_linux-64 14.*
  - gfortran_linux-64 14.*
  license: BSD-3-Clause
  license_family: BSD
  size: 55096037
  timestamp: 1776343365031
- conda: https://conda.anaconda.org/conda-forge/osx-arm64/go-1.26.2-h94dcc77_0.conda
  sha256: e184802c68be65986358b7b96b9520218f139d259c4b63961a0f292f5a1699bf
  md5: f7661fed623bb0037ca552e992496d0f
  depends:
  - __osx >=12.0
  - _go_select 2.3.0 cgo
  - libcxx >=19
  - libgfortran
  - libgfortran5 >=14.3.0
  constrains:
  - clang_osx-arm64 19.*
  - clangxx_osx-arm64 19.*
  - gfortran_osx-arm64 14.*
  license: BSD-3-Clause
  license_family: BSD
  size: 74165361
  timestamp: 1776344687494
- conda: https://conda.anaconda.org/conda-forge/linux-64/hugo-0.161.1-hecca717_0.conda
  sha256: 5693d3a4ae492953c3f092776c9284db6999bbe544bb3f3ce8c7e7f2f853d340
  md5: 57b864b2d0efbb472be6167788c0df0d
  depends:
  - __glibc >=2.17
  - __glibc >=2.17,<3.0.a0
  - libgcc >=14
  - libstdcxx >=14
  license: Apache-2.0
  license_family: APACHE
  size: 18512470
  timestamp: 1777484322301
- conda: https://conda.anaconda.org/conda-forge/osx-arm64/hugo-0.161.1-ha4d9615_0.conda
  sha256: b9224ef612a666f2339f5fc9847acc5d80a8bb7179eb7c89b960575f16912814
  md5: 579fd8c53fedbdc707bbee6f8c78237f
  depends:
  - __osx >=12.3
  - libcxx >=19
  license: Apache-2.0
  license_family: APACHE
  size: 16324721
  timestamp: 1777485454580
- conda: https://conda.anaconda.org/conda-forge/osx-arm64/libcxx-19.1.7-ha82da77_0.conda
  sha256: 776092346da87a2a23502e14d91eb0c32699c4a1522b7331537bd1c3751dcff5
  md5: 5b3e1610ff8bd5443476b91d618f5b77
  depends:
  - __osx >=11.0
  license: Apache-2.0 WITH LLVM-exception
  license_family: Apache
  size: 523505
  timestamp: 1736877862502
- conda: https://conda.anaconda.org/conda-forge/osx-arm64/libcxx-22.1.4-h55c6f16_0.conda
  sha256: 25a0d02148a39b665d9c2957676faf62a4d2a58494d53b201151199a197db4b0
  md5: 448a1af83a9205655ee1cf48d3875ca3
  depends:
  - __osx >=11.0
  license: Apache-2.0 WITH LLVM-exception
  license_family: Apache
  size: 569927
  timestamp: 1776816293111
- conda: https://conda.anaconda.org/conda-forge/linux-64/libgcc-14.2.0-h767d61c_2.conda
  sha256: 3a572d031cb86deb541d15c1875aaa097baefc0c580b54dc61f5edab99215792
  md5: ef504d1acbd74b7cc6849ef8af47dd03
  depends:
  - __glibc >=2.17,<3.0.a0
  - _openmp_mutex >=4.5
  constrains:
  - libgomp 14.2.0 h767d61c_2
  - libgcc-ng ==14.2.0=*_2
  license: GPL-3.0-only WITH GCC-exception-3.1
  license_family: GPL
  size: 847885
  timestamp: 1740240653082
- conda: https://conda.anaconda.org/conda-forge/linux-64/libgcc-15.2.0-he0feb66_18.conda
  sha256: faf7d2017b4d718951e3a59d081eb09759152f93038479b768e3d612688f83f5
  md5: 0aa00f03f9e39fb9876085dee11a85d4
  depends:
  - __glibc >=2.17,<3.0.a0
  - _openmp_mutex >=4.5
  constrains:
  - libgcc-ng ==15.2.0=*_18
  - libgomp 15.2.0 he0feb66_18
  license: GPL-3.0-only WITH GCC-exception-3.1
  license_family: GPL
  size: 1041788
  timestamp: 1771378212382
- conda: https://conda.anaconda.org/conda-forge/osx-arm64/libgcc-15.2.0-hcbb3090_18.conda
  sha256: 1d9c4f35586adb71bcd23e31b68b7f3e4c4ab89914c26bed5f2859290be5560e
  md5: 92df6107310b1fff92c4cc84f0de247b
  depends:
  - _openmp_mutex
  constrains:
  - libgcc-ng ==15.2.0=*_18
  - libgomp 15.2.0 18
  license: GPL-3.0-only WITH GCC-exception-3.1
  license_family: GPL
  size: 401974
  timestamp: 1771378877463
- conda: https://conda.anaconda.org/conda-forge/linux-64/libgfortran-15.2.0-h69a702a_18.conda
  sha256: d2c9fad338fd85e4487424865da8e74006ab2e2475bd788f624d7a39b2a72aee
  md5: 9063115da5bc35fdc3e1002e69b9ef6e
  depends:
  - libgfortran5 15.2.0 h68bc16d_18
  constrains:
  - libgfortran-ng ==15.2.0=*_18
  license: GPL-3.0-only WITH GCC-exception-3.1
  license_family: GPL
  size: 27523
  timestamp: 1771378269450
- conda: https://conda.anaconda.org/conda-forge/osx-arm64/libgfortran-15.2.0-h07b0088_18.conda
  sha256: 63f89087c3f0c8621c5c89ecceec1e56e5e1c84f65fc9c5feca33a07c570a836
  md5: 26981599908ed2205366e8fc91b37fc6
  depends:
  - libgfortran5 15.2.0 hdae7583_18
  constrains:
  - libgfortran-ng ==15.2.0=*_18
  license: GPL-3.0-only WITH GCC-exception-3.1
  license_family: GPL
  size: 138973
  timestamp: 1771379054939
- conda: https://conda.anaconda.org/conda-forge/linux-64/libgfortran5-15.2.0-h68bc16d_18.conda
  sha256: 539b57cf50ec85509a94ba9949b7e30717839e4d694bc94f30d41c9d34de2d12
  md5: 646855f357199a12f02a87382d429b75
  depends:
  - __glibc >=2.17,<3.0.a0
  - libgcc >=15.2.0
  constrains:
  - libgfortran 15.2.0
  license: GPL-3.0-only WITH GCC-exception-3.1
  license_family: GPL
  size: 2482475
  timestamp: 1771378241063
- conda: https://conda.anaconda.org/conda-forge/osx-arm64/libgfortran5-15.2.0-hdae7583_18.conda
  sha256: 91033978ba25e6a60fb86843cf7e1f7dc8ad513f9689f991c9ddabfaf0361e7e
  md5: c4a6f7989cffb0544bfd9207b6789971
  depends:
  - libgcc >=15.2.0
  constrains:
  - libgfortran 15.2.0
  license: GPL-3.0-only WITH GCC-exception-3.1
  license_family: GPL
  size: 598634
  timestamp: 1771378886363
- conda: https://conda.anaconda.org/conda-forge/osx-arm64/libgit2-1.9.2-had2deda_0.conda
  sha256: 6b76739857b9d71973e8772b1852b4f1e22057b724afe0d5a0d0a308ed2ae453
  md5: 4a775dfb52b123de99036b590090b205
  depends:
  - __osx >=11.0
  - libcxx >=19
  - libssh2 >=1.11.1,<2.0a0
  - pcre2 >=10.47,<10.48.0a0
  - libiconv >=1.18,<2.0a0
  - libzlib >=1.3.1,<2.0a0
  - openssl >=3.5.4,<4.0a0
  license: GPL-2.0-only WITH GCC-exception-2.0
  license_family: GPL
  size: 841204
  timestamp: 1765030797714
- conda: https://conda.anaconda.org/conda-forge/linux-64/libgomp-14.2.0-h767d61c_2.conda
  sha256: 1a3130e0b9267e781b89399580f3163632d59fe5b0142900d63052ab1a53490e
  md5: 06d02030237f4d5b3d9a7e7d348fe3c6
  depends:
  - __glibc >=2.17,<3.0.a0
  license: GPL-3.0-only WITH GCC-exception-3.1
  license_family: GPL
  size: 459862
  timestamp: 1740240588123
- conda: https://conda.anaconda.org/conda-forge/linux-64/libgomp-15.2.0-he0feb66_18.conda
  sha256: 21337ab58e5e0649d869ab168d4e609b033509de22521de1bfed0c031bfc5110
  md5: 239c5e9546c38a1e884d69effcf4c882
  depends:
  - __glibc >=2.17,<3.0.a0
  license: GPL-3.0-only WITH GCC-exception-3.1
  license_family: GPL
  size: 603262
  timestamp: 1771378117851
- conda: https://conda.anaconda.org/conda-forge/osx-arm64/libiconv-1.18-h23cfdf5_2.conda
  sha256: de0336e800b2af9a40bdd694b03870ac4a848161b35c8a2325704f123f185f03
  md5: 4d5a7445f0b25b6a3ddbb56e790f5251
  depends:
  - __osx >=11.0
  license: LGPL-2.1-only
  size: 750379
  timestamp: 1754909073836
- conda: https://conda.anaconda.org/conda-forge/osx-arm64/libssh2-1.11.1-h1590b86_0.conda
  sha256: 8bfe837221390ffc6f111ecca24fa12d4a6325da0c8d131333d63d6c37f27e0a
  md5: b68e8f66b94b44aaa8de4583d3d4cc40
  depends:
  - libzlib >=1.3.1,<2.0a0
  - openssl >=3.5.0,<4.0a0
  license: BSD-3-Clause
  license_family: BSD
  size: 279193
  timestamp: 1745608793272
- conda: https://conda.anaconda.org/conda-forge/linux-64/libstdcxx-14.2.0-h8f9b012_2.conda
  sha256: 8f5bd92e4a24e1d35ba015c5252e8f818898478cb3bc50bd8b12ab54707dc4da
  md5: a78c856b6dc6bf4ea8daeb9beaaa3fb0
  depends:
  - __glibc >=2.17,<3.0.a0
  - libgcc 14.2.0 h767d61c_2
  license: GPL-3.0-only WITH GCC-exception-3.1
  license_family: GPL
  size: 3884556
  timestamp: 1740240685253
- conda: https://conda.anaconda.org/conda-forge/linux-64/libstdcxx-15.2.0-h934c35e_18.conda
  sha256: 78668020064fdaa27e9ab65cd2997e2c837b564ab26ce3bf0e58a2ce1a525c6e
  md5: 1b08cd684f34175e4514474793d44bcb
  depends:
  - __glibc >=2.17,<3.0.a0
  - libgcc 15.2.0 he0feb66_18
  constrains:
  - libstdcxx-ng ==15.2.0=*_18
  license: GPL-3.0-only WITH GCC-exception-3.1
  license_family: GPL
  size: 5852330
  timestamp: 1771378262446
- conda: https://conda.anaconda.org/conda-forge/linux-64/libzlib-1.3.2-h25fd6f3_2.conda
  sha256: 55044c403570f0dc26e6364de4dc5368e5f3fc7ff103e867c487e2b5ab2bcda9
  md5: d87ff7921124eccd67248aa483c23fec
  depends:
  - __glibc >=2.17,<3.0.a0
  constrains:
  - zlib 1.3.2 *_2
  license: Zlib
  license_family: Other
  size: 63629
  timestamp: 1774072609062
- conda: https://conda.anaconda.org/conda-forge/osx-arm64/libzlib-1.3.2-h8088a28_2.conda
  sha256: 361415a698514b19a852f5d1123c5da746d4642139904156ddfca7c922d23a05
  md5: bc5a5721b6439f2f62a84f2548136082
  depends:
  - __osx >=11.0
  constrains:
  - zlib 1.3.2 *_2
  license: Zlib
  license_family: Other
  size: 47759
  timestamp: 1774072956767
- conda: https://conda.anaconda.org/conda-forge/osx-arm64/llvm-openmp-22.1.4-hc7d1edf_0.conda
  sha256: a269273ccf48be6ac582bb958713ba8373262b9157a0fc76b7e5475e8a1d2a78
  md5: 46d04a647df7a4525e487d88068d19ef
  depends:
  - __osx >=11.0
  constrains:
  - openmp 22.1.4|22.1.4.*
  - intel-openmp <0.0a0
  license: Apache-2.0 WITH LLVM-exception
  license_family: APACHE
  size: 286406
  timestamp: 1776846235007
- conda: https://conda.anaconda.org/conda-forge/linux-64/nushell-0.112.2-h25c72ac_0.conda
  sha256: d856becd8555db75a176594fed0c231c93443970de57b01beb6797bca397c302
  md5: d32ac300e21b3c58f79e0a0fa3ef535a
  depends:
  - libstdcxx >=14
  - libgcc >=14
  - __glibc >=2.17,<3.0.a0
  - libzlib >=1.3.2,<2.0a0
  - openssl >=3.5.6,<4.0a0
  constrains:
  - __glibc >=2.17
  license: MIT
  license_family: MIT
  size: 45948122
  timestamp: 1776305782023
- conda: https://conda.anaconda.org/conda-forge/osx-arm64/nushell-0.112.2-h4226ba7_0.conda
  sha256: 2b85239da847e1d5e03350cd5040c2a21c736712b794a208c3d949210062f9e9
  md5: a245ea550d18632ae0206f278968a604
  depends:
  - libcxx >=19
  - __osx >=12.0
  - libgit2 >=1.9.2,<1.10.0a0
  - openssl >=3.5.6,<4.0a0
  - libzlib >=1.3.2,<2.0a0
  constrains:
  - __osx >=11.0
  license: MIT
  license_family: MIT
  size: 45168194
  timestamp: 1776305796438
- conda: https://conda.anaconda.org/conda-forge/linux-64/openssl-3.6.2-h35e630c_0.conda
  sha256: c0ef482280e38c71a08ad6d71448194b719630345b0c9c60744a2010e8a8e0cb
  md5: da1b85b6a87e141f5140bb9924cecab0
  depends:
  - __glibc >=2.17,<3.0.a0
  - ca-certificates
  - libgcc >=14
  license: Apache-2.0
  license_family: Apache
  size: 3167099
  timestamp: 1775587756857
- conda: https://conda.anaconda.org/conda-forge/osx-arm64/openssl-3.6.2-hd24854e_0.conda
  sha256: c91bf510c130a1ea1b6ff023e28bac0ccaef869446acd805e2016f69ebdc49ea
  md5: 25dcccd4f80f1638428613e0d7c9b4e1
  depends:
  - __osx >=11.0
  - ca-certificates
  license: Apache-2.0
  license_family: Apache
  size: 3106008
  timestamp: 1775587972483
- conda: https://conda.anaconda.org/conda-forge/osx-arm64/pcre2-10.47-h30297fc_0.conda
  sha256: 5e2e443f796f2fd92adf7978286a525fb768c34e12b1ee9ded4000a41b2894ba
  md5: 9b4190c4055435ca3502070186eba53a
  depends:
  - __osx >=11.0
  - bzip2 >=1.0.8,<2.0a0
  - libzlib >=1.3.1,<2.0a0
  license: BSD-3-Clause
  license_family: BSD
  size: 850231
  timestamp: 1763655726735
- conda: https://conda.anaconda.org/conda-forge/linux-64/typos-1.30.0-h8fae777_0.conda
  sha256: c9caa8b1c26aa935103cefb17c235c1d5c50554a532d15feef93fab57703bde0
  md5: a316b816c0557c963ad8dd3137e1fcce
  depends:
  - __glibc >=2.17,<3.0.a0
  - libgcc >=13
  constrains:
  - __glibc >=2.17
  license: MIT
  license_family: MIT
  size: 3450558
  timestamp: 1740827978586
- conda: https://conda.anaconda.org/conda-forge/linux-64/typos-1.46.0-hb17b654_0.conda
  sha256: 1d20e86f517c4a63239db13dd34d86dcd44503ba5796b48fb43374363214c003
  md5: dc2d7fd2c3c43c22a14db9986d6673b9
  depends:
  - __glibc >=2.17,<3.0.a0
  - libgcc >=14
  constrains:
  - __glibc >=2.17
  license: MIT OR Apache-2.0
  size: 3365492
  timestamp: 1777571676488
- conda: https://conda.anaconda.org/conda-forge/osx-arm64/typos-1.30.0-h0716509_0.conda
  sha256: e8104dee7991c6b68e041f30b95a744e01110bb4ca13fdfaffa6769f34d91ecf
  md5: a8d7da311c13b07f701b3052701108f7
  depends:
  - __osx >=11.0
  constrains:
  - __osx >=11.0
  license: MIT
  license_family: MIT
  size: 2705083
  timestamp: 1740828253407
- conda: https://conda.anaconda.org/conda-forge/osx-arm64/typos-1.46.0-h6fdd925_0.conda
  sha256: 39ba5627f27610679337116602087536f7a54ab209621490e64a0697dad7f439
  md5: 873f6bb516dcdccd21698fe998a42e10
  depends:
  - __osx >=11.0
  constrains:
  - __osx >=11.0
  license: MIT OR Apache-2.0
  size: 2712529
  timestamp: 1777571663918
- conda: https://conda.anaconda.org/conda-forge/linux-64/typst-0.14.2-h4c46f8d_0.conda
  sha256: 2051dee6a67d43a0ff0fd2ff9dacd8ef533e89d0b30feedf87613fc84b00c247
  md5: 6733bfb9b4338039e182ca3a41253ab5
  depends:
  - __glibc >=2.17,<3.0.a0
  - libgcc >=14
  - openssl >=3.5.4,<4.0a0
  constrains:
  - __glibc >=2.17
  license: Apache-2.0
  license_family: Apache
  size: 15445965
  timestamp: 1765697444419
- conda: https://conda.anaconda.org/conda-forge/osx-arm64/typst-0.14.2-hd1458d2_0.conda
  sha256: 201e08fc74e3dc8161d583bb50d23ae07b4537c5efa41c8a7e1ba46a30261ea6
  md5: 750223ac708cb65d0d32fa61d84e35e4
  depends:
  - __osx >=11.0
  constrains:
  - __osx >=11.0
  license: Apache-2.0
  license_family: Apache
  size: 14708782
  timestamp: 1765697750603
- conda: https://conda.anaconda.org/conda-forge/linux-64/tytanic-0.3.3-he64ecbb_0.conda
  sha256: cbfe9368c6128111a7b3370522defc3dd64e10b983d5ce38e78f2b9fbfcde3c4
  md5: 730f264a459ee428fb9712e4659da885
  depends:
  - openssl
  - __glibc >=2.17,<3.0.a0
  - libgcc >=14
  - openssl >=3.5.5,<4.0a0
  constrains:
  - __glibc >=2.17
  license: MIT or Apache-2.0
  size: 17001534
  timestamp: 1770243718389
- conda: https://conda.anaconda.org/conda-forge/osx-arm64/tytanic-0.3.3-h6fdd925_0.conda
  sha256: add3c9be8cf46804407d9c338af22d5504989563e67df532d08ec3c698ba875d
  md5: 37f63b74cfc1b0e9bd441631e9feb9bf
  depends:
  - __osx >=11.0
  constrains:
  - __osx >=11.0
  license: MIT or Apache-2.0
  size: 16300273
  timestamp: 1770243801436
